Microsoft Visual Studio Solution File, Format Version 12.00
# Visual Studio Version 17
VisualStudioVersion = 17.13.35931.197
MinimumVisualStudioVersion = 10.0.40219.1
Project("{2150E333-8FDC-42A3-9474-1A3956D46DE8}") = "src", "src", "{02EA681E-C7D8-13C7-8484-4AC65E1B71E8}"
EndProject
Project("{2150E333-8FDC-42A3-9474-1A3956D46DE8}") = "tests", "tests", "{9C8839E9-489B-4CE5-B7C0-133B80EFC3A1}"
EndProject
Project("{2150E333-8FDC-42A3-9474-1A3956D46DE8}") = "Core", "Core", "{66E78410-B37C-475D-A388-CCF977BF6336}"
EndProject
Project("{2150E333-8FDC-42A3-9474-1A3956D46DE8}") = "Infrastructure", "Infrastructure", "{3B1B4847-D16C-481E-AF93-73A7C394CB13}"
EndProject
Project("{2150E333-8FDC-42A3-9474-1A3956D46DE8}") = "Presentation", "Presentation", "{40AACDE1-BF86-415A-961A-B0932405CA03}"
EndProject
Project("{FAE04EC0-301F-11D3-BF4B-00C04F79EFBC}") = "ExpenseTracker.Domain", "D:\MyProjects\ExpenseTracker\src\Core\ExpenseTracker.Domain\ExpenseTracker.Domain.csproj", "{E4A23B6B-D98C-448F-97FF-3E30C79C62C1}"
EndProject
Project("{FAE04EC0-301F-11D3-BF4B-00C04F79EFBC}") = "ExpenseTracker.Application", "D:\MyProjects\ExpenseTracker\src\Core\ExpenseTracker.Application\ExpenseTracker.Application.csproj", "{73DC644D-EE6A-4F52-8F48-82485AD0BC72}"
EndProject
Project("{FAE04EC0-301F-11D3-BF4B-00C04F79EFBC}") = "ExpenseTracker.Infrastructure.Persistence", "D:\MyProjects\ExpenseTracker\src\Infrastructure\ExpenseTracker.Infrastructure.Persistence\ExpenseTracker.Infrastructure.Persistence.csproj", "{90393377-402B-430A-AA10-0A9D492E7781}"
EndProject
Project("{FAE04EC0-301F-11D3-BF4B-00C04F79EFBC}") = "ExpenseTracker.Infrastructure.Email", "D:\MyProjects\ExpenseTracker\src\Infrastructure\ExpenseTracker.Infrastructure.Email\ExpenseTracker.Infrastructure.Email.csproj", "{B8EF5590-A299-42AB-B237-EFA3628645E4}"
EndProject
Project("{FAE04EC0-301F-11D3-BF4B-00C04F79EFBC}") = "ExpenseTracker.Presentation.Api", "src\Presentation\ExpenseTracker.Presentation.Api\ExpenseTracker.Presentation.Api.csproj", "{76DF8595-9150-42AD-87EA-0F0C91258CAF}"
EndProject
Project("{2150E333-8FDC-42A3-9474-1A3956D46DE8}") = "front-end", "front-end", "{0A0226CD-4534-428E-9185-1EE939C7AD6C}"
EndProject
Project("{54A90642-561A-4BB1-A94E-469ADEE60C69}") = "expense-tracker.front-end.angular", "front-end\expense-tracker.front-end.angular\expense-tracker.front-end.angular.esproj", "{EE7A1A59-D8DB-3D9D-FFDF-637C3F5D6130}"
EndProject
Project("{FAE04EC0-301F-11D3-BF4B-00C04F79EFBC}") = "ExpenseTracker.Infrastructure.Report", "src\Infrastructure\ExpenseTracker.Infrastructure.Report\ExpenseTracker.Infrastructure.Report.csproj", "{4B931576-8FC9-490D-A951-20C4B54C89BF}"
EndProject
Project("{2150E333-8FDC-42A3-9474-1A3956D46DE8}") = "Core", "Core", "{49C58360-0C89-441F-A229-401874921F6D}"
EndProject
Project("{2150E333-8FDC-42A3-9474-1A3956D46DE8}") = "Infrastructure", "Infrastructure", "{CC0BDACD-E560-4E1B-B3EE-F4FEC32B64F6}"
EndProject
Project("{FAE04EC0-301F-11D3-BF4B-00C04F79EFBC}") = "ExpenseTracker.Domain.Tests", "tests\Core\ExpenseTracker.Domain.Tests\ExpenseTracker.Domain.Tests.csproj", "{6BEB9751-35E0-4DA1-97E8-FF96E95268A4}"
EndProject
Project("{FAE04EC0-301F-11D3-BF4B-00C04F79EFBC}") = "ExpenseTracker.Application.Tests", "tests\Core\ExpenseTracker.Application.Tests\ExpenseTracker.Application.Tests.csproj", "{597119A7-B4B7-43EA-892F-9A2B84A48186}"
EndProject
Project("{FAE04EC0-301F-11D3-BF4B-00C04F79EFBC}") = "ExpenseTracker.Infrastructure.Web.Auth", "src\Infrastructure\ExpenseTracker.Infrastructure.Web.Auth\ExpenseTracker.Infrastructure.Web.Auth.csproj", "{9F80C731-70D1-7D2F-5944-6ECC899FB0CE}"
EndProject
Project("{FAE04EC0-301F-11D3-BF4B-00C04F79EFBC}") = "ExpenseTracker.Infrastructure.Persistence.Tests", "tests\Infrastructure\ExpenseTracker.Infrastructure.Persistence.Tests\ExpenseTracker.Infrastructure.Persistence.Tests.csproj", "{A27E8626-D09E-4F71-9B8C-77705B8E3320}"
EndProject
Project("{FAE04EC0-301F-11D3-BF4B-00C04F79EFBC}") = "ExpenseTracker.Infrastructure.BackgroundJobs", "src\Infrastructure\ExpenseTracker.Infrastructure.BackgroundJobs\ExpenseTracker.Infrastructure.BackgroundJobs.csproj", "{77BDF64D-DA3D-4974-A7F6-1423B50544C7}"
EndProject
Project("{E53339B2-1760-4266-BCC7-CA923CBCF16C}") = "docker-compose", "docker-compose.dcproj", "{81DDED9D-158B-E303-5F62-77A2896D2A5A}"
EndProject
Global
	GlobalSection(SolutionConfigurationPlatforms) = preSolution
		Debug|Any CPU = Debug|Any CPU
		Release|Any CPU = Release|Any CPU
	EndGlobalSection
	GlobalSection(ProjectConfigurationPlatforms) = postSolution
		{E4A23B6B-D98C-448F-97FF-3E30C79C62C1}.Debug|Any CPU.ActiveCfg = Debug|Any CPU
		{E4A23B6B-D98C-448F-97FF-3E30C79C62C1}.Debug|Any CPU.Build.0 = Debug|Any CPU
		{E4A23B6B-D98C-448F-97FF-3E30C79C62C1}.Release|Any CPU.ActiveCfg = Release|Any CPU
		{E4A23B6B-D98C-448F-97FF-3E30C79C62C1}.Release|Any CPU.Build.0 = Release|Any CPU
		{73DC644D-EE6A-4F52-8F48-82485AD0BC72}.Debug|Any CPU.ActiveCfg = Debug|Any CPU
		{73DC644D-EE6A-4F52-8F48-82485AD0BC72}.Debug|Any CPU.Build.0 = Debug|Any CPU
		{73DC644D-EE6A-4F52-8F48-82485AD0BC72}.Release|Any CPU.ActiveCfg = Release|Any CPU
		{73DC644D-EE6A-4F52-8F48-82485AD0BC72}.Release|Any CPU.Build.0 = Release|Any CPU
		{90393377-402B-430A-AA10-0A9D492E7781}.Debug|Any CPU.ActiveCfg = Debug|Any CPU
		{90393377-402B-430A-AA10-0A9D492E7781}.Debug|Any CPU.Build.0 = Debug|Any CPU
		{90393377-402B-430A-AA10-0A9D492E7781}.Release|Any CPU.ActiveCfg = Release|Any CPU
		{90393377-402B-430A-AA10-0A9D492E7781}.Release|Any CPU.Build.0 = Release|Any CPU
		{B8EF5590-A299-42AB-B237-EFA3628645E4}.Debug|Any CPU.ActiveCfg = Debug|Any CPU
		{B8EF5590-A299-42AB-B237-EFA3628645E4}.Debug|Any CPU.Build.0 = Debug|Any CPU
		{B8EF5590-A299-42AB-B237-EFA3628645E4}.Release|Any CPU.ActiveCfg = Release|Any CPU
		{B8EF5590-A299-42AB-B237-EFA3628645E4}.Release|Any CPU.Build.0 = Release|Any CPU
		{76DF8595-9150-42AD-87EA-0F0C91258CAF}.Debug|Any CPU.ActiveCfg = Debug|Any CPU
		{76DF8595-9150-42AD-87EA-0F0C91258CAF}.Debug|Any CPU.Build.0 = Debug|Any CPU
		{76DF8595-9150-42AD-87EA-0F0C91258CAF}.Release|Any CPU.ActiveCfg = Release|Any CPU
		{76DF8595-9150-42AD-87EA-0F0C91258CAF}.Release|Any CPU.Build.0 = Release|Any CPU
		{EE7A1A59-D8DB-3D9D-FFDF-637C3F5D6130}.Debug|Any CPU.ActiveCfg = Debug|Any CPU
		{EE7A1A59-D8DB-3D9D-FFDF-637C3F5D6130}.Debug|Any CPU.Build.0 = Debug|Any CPU
		{EE7A1A59-D8DB-3D9D-FFDF-637C3F5D6130}.Debug|Any CPU.Deploy.0 = Debug|Any CPU
		{EE7A1A59-D8DB-3D9D-FFDF-637C3F5D6130}.Release|Any CPU.ActiveCfg = Release|Any CPU
		{EE7A1A59-D8DB-3D9D-FFDF-637C3F5D6130}.Release|Any CPU.Build.0 = Release|Any CPU
		{EE7A1A59-D8DB-3D9D-FFDF-637C3F5D6130}.Release|Any CPU.Deploy.0 = Release|Any CPU
		{4B931576-8FC9-490D-A951-20C4B54C89BF}.Debug|Any CPU.ActiveCfg = Debug|Any CPU
		{4B931576-8FC9-490D-A951-20C4B54C89BF}.Debug|Any CPU.Build.0 = Debug|Any CPU
		{4B931576-8FC9-490D-A951-20C4B54C89BF}.Release|Any CPU.ActiveCfg = Release|Any CPU
		{4B931576-8FC9-490D-A951-20C4B54C89BF}.Release|Any CPU.Build.0 = Release|Any CPU
		{6BEB9751-35E0-4DA1-97E8-FF96E95268A4}.Debug|Any CPU.ActiveCfg = Debug|Any CPU
		{6BEB9751-35E0-4DA1-97E8-FF96E95268A4}.Debug|Any CPU.Build.0 = Debug|Any CPU
		{6BEB9751-35E0-4DA1-97E8-FF96E95268A4}.Release|Any CPU.ActiveCfg = Release|Any CPU
		{6BEB9751-35E0-4DA1-97E8-FF96E95268A4}.Release|Any CPU.Build.0 = Release|Any CPU
		{597119A7-B4B7-43EA-892F-9A2B84A48186}.Debug|Any CPU.ActiveCfg = Debug|Any CPU
		{597119A7-B4B7-43EA-892F-9A2B84A48186}.Debug|Any CPU.Build.0 = Debug|Any CPU
		{597119A7-B4B7-43EA-892F-9A2B84A48186}.Release|Any CPU.ActiveCfg = Release|Any CPU
		{597119A7-B4B7-43EA-892F-9A2B84A48186}.Release|Any CPU.Build.0 = Release|Any CPU
		{9F80C731-70D1-7D2F-5944-6ECC899FB0CE}.Debug|Any CPU.ActiveCfg = Debug|Any CPU
		{9F80C731-70D1-7D2F-5944-6ECC899FB0CE}.Debug|Any CPU.Build.0 = Debug|Any CPU
		{9F80C731-70D1-7D2F-5944-6ECC899FB0CE}.Release|Any CPU.ActiveCfg = Release|Any CPU
		{9F80C731-70D1-7D2F-5944-6ECC899FB0CE}.Release|Any CPU.Build.0 = Release|Any CPU
		{A27E8626-D09E-4F71-9B8C-77705B8E3320}.Debug|Any CPU.ActiveCfg = Debug|Any CPU
		{A27E8626-D09E-4F71-9B8C-77705B8E3320}.Debug|Any CPU.Build.0 = Debug|Any CPU
		{A27E8626-D09E-4F71-9B8C-77705B8E3320}.Release|Any CPU.ActiveCfg = Release|Any CPU
		{A27E8626-D09E-4F71-9B8C-77705B8E3320}.Release|Any CPU.Build.0 = Release|Any CPU
		{77BDF64D-DA3D-4974-A7F6-1423B50544C7}.Debug|Any CPU.ActiveCfg = Debug|Any CPU
		{77BDF64D-DA3D-4974-A7F6-1423B50544C7}.Debug|Any CPU.Build.0 = Debug|Any CPU
		{77BDF64D-DA3D-4974-A7F6-1423B50544C7}.Release|Any CPU.ActiveCfg = Release|Any CPU
		{77BDF64D-DA3D-4974-A7F6-1423B50544C7}.Release|Any CPU.Build.0 = Release|Any CPU
		{81DDED9D-158B-E303-5F62-77A2896D2A5A}.Debug|Any CPU.ActiveCfg = Debug|Any CPU
		{81DDED9D-158B-E303-5F62-77A2896D2A5A}.Debug|Any CPU.Build.0 = Debug|Any CPU
		{81DDED9D-158B-E303-5F62-77A2896D2A5A}.Release|Any CPU.ActiveCfg = Release|Any CPU
		{81DDED9D-158B-E303-5F62-77A2896D2A5A}.Release|Any CPU.Build.0 = Release|Any CPU
	EndGlobalSection
	GlobalSection(SolutionProperties) = preSolution
		HideSolutionNode = FALSE
	EndGlobalSection
	GlobalSection(NestedProjects) = preSolution
		{66E78410-B37C-475D-A388-CCF977BF6336} = {02EA681E-C7D8-13C7-8484-4AC65E1B71E8}
		{3B1B4847-D16C-481E-AF93-73A7C394CB13} = {02EA681E-C7D8-13C7-8484-4AC65E1B71E8}
		{40AACDE1-BF86-415A-961A-B0932405CA03} = {02EA681E-C7D8-13C7-8484-4AC65E1B71E8}
		{E4A23B6B-D98C-448F-97FF-3E30C79C62C1} = {66E78410-B37C-475D-A388-CCF977BF6336}
		{73DC644D-EE6A-4F52-8F48-82485AD0BC72} = {66E78410-B37C-475D-A388-CCF977BF6336}
		{90393377-402B-430A-AA10-0A9D492E7781} = {3B1B4847-D16C-481E-AF93-73A7C394CB13}
		{B8EF5590-A299-42AB-B237-EFA3628645E4} = {3B1B4847-D16C-481E-AF93-73A7C394CB13}
		{76DF8595-9150-42AD-87EA-0F0C91258CAF} = {40AACDE1-BF86-415A-961A-B0932405CA03}
		{EE7A1A59-D8DB-3D9D-FFDF-637C3F5D6130} = {0A0226CD-4534-428E-9185-1EE939C7AD6C}
		{4B931576-8FC9-490D-A951-20C4B54C89BF} = {3B1B4847-D16C-481E-AF93-73A7C394CB13}
		{49C58360-0C89-441F-A229-401874921F6D} = {9C8839E9-489B-4CE5-B7C0-133B80EFC3A1}
		{CC0BDACD-E560-4E1B-B3EE-F4FEC32B64F6} = {9C8839E9-489B-4CE5-B7C0-133B80EFC3A1}
		{6BEB9751-35E0-4DA1-97E8-FF96E95268A4} = {49C58360-0C89-441F-A229-401874921F6D}
		{597119A7-B4B7-43EA-892F-9A2B84A48186} = {49C58360-0C89-441F-A229-401874921F6D}
		{9F80C731-70D1-7D2F-5944-6ECC899FB0CE} = {3B1B4847-D16C-481E-AF93-73A7C394CB13}
		{A27E8626-D09E-4F71-9B8C-77705B8E3320} = {CC0BDACD-E560-4E1B-B3EE-F4FEC32B64F6}
		{77BDF64D-DA3D-4974-A7F6-1423B50544C7} = {3B1B4847-D16C-481E-AF93-73A7C394CB13}
	EndGlobalSection
	GlobalSection(ExtensibilityGlobals) = postSolution
		SolutionGuid = {A159061A-F5CA-4049-A31C-ADC8C9A104E5}
	EndGlobalSection
EndGlobal
